// !$*UTF8*$!
{
	archiveVersion = 1;
	classes = {
	};
	objectVersion = 56;
	objects = {

/* Begin PBXBuildFile section */
		6E69129A2C61AB980096859E /* AppDelegate.swift in Sources */ = {isa = PBXBuildFile; fileRef = 6E6912992C61AB980096859E /* AppDelegate.swift */; };
		6E69129C2C61AB980096859E /* SceneDelegate.swift in Sources */ = {isa = PBXBuildFile; fileRef = 6E69129B2C61AB980096859E /* SceneDelegate.swift */; };
		6E69129E2C61AB980096859E /* MainTabBarController.swift in Sources */ = {isa = PBXBuildFile; fileRef = 6E69129D2C61AB980096859E /* MainTabBarController.swift */; };
		6E6912A32C61AB9A0096859E /* Assets.xcassets in Resources */ = {isa = PBXBuildFile; fileRef = 6E6912A22C61AB9A0096859E /* Assets.xcassets */; };
		6E6912A62C61AB9A0096859E /* Base in Resources */ = {isa = PBXBuildFile; fileRef = 6E6912A52C61AB9A0096859E /* Base */; };
		6E6912B52C61B16D0096859E /* ExploreViewController.swift in Sources */ = {isa = PBXBuildFile; fileRef = 6E6912B42C61B16D0096859E /* ExploreViewController.swift */; };
		6E6912B72C61B1FA0096859E /* ExploreScreen.swift in Sources */ = {isa = PBXBuildFile; fileRef = 6E6912B62C61B1FA0096859E /* ExploreScreen.swift */; };
		6E6912BA2C61B2E60096859E /* FavoriteViewController.swift in Sources */ = {isa = PBXBuildFile; fileRef = 6E6912B92C61B2E60096859E /* FavoriteViewController.swift */; };
		6E6912BC2C61B3520096859E /* FavoriteScreen.swift in Sources */ = {isa = PBXBuildFile; fileRef = 6E6912BB2C61B3520096859E /* FavoriteScreen.swift */; };
		6E6912BF2C61B3A40096859E /* TravelViewController.swift in Sources */ = {isa = PBXBuildFile; fileRef = 6E6912BE2C61B3A40096859E /* TravelViewController.swift */; };
		6E6912C12C61B3C30096859E /* TravelScreen.swift in Sources */ = {isa = PBXBuildFile; fileRef = 6E6912C02C61B3C30096859E /* TravelScreen.swift */; };
		6E6912C42C61B4170096859E /* MessageViewController.swift in Sources */ = {isa = PBXBuildFile; fileRef = 6E6912C32C61B4170096859E /* MessageViewController.swift */; };
		6E6912C62C61B43A0096859E /* MessageScreen.swift in Sources */ = {isa = PBXBuildFile; fileRef = 6E6912C52C61B43A0096859E /* MessageScreen.swift */; };
		6E6912C92C61B48B0096859E /* ProfileViewController.swift in Sources */ = {isa = PBXBuildFile; fileRef = 6E6912C82C61B48B0096859E /* ProfileViewController.swift */; };
		6E6912CB2C61B4AA0096859E /* ProfileScreen.swift in Sources */ = {isa = PBXBuildFile; fileRef = 6E6912CA2C61B4AA0096859E /* ProfileScreen.swift */; };
/* End PBXBuildFile section */

/* Begin PBXFileReference section */
		6E6912962C61AB980096859E /* AirbnbClone.app */ = {isa = PBXFileReference; explicitFileType = wrapper.application; includeInIndex = 0; path = AirbnbClone.app; sourceTree = BUILT_PRODUCTS_DIR; };
		6E6912992C61AB980096859E /* AppDelegate.swift */ = {isa = PBXFileReference; lastKnownFileType = sourcecode.swift; path = AppDelegate.swift; sourceTree = "<group>"; };
		6E69129B2C61AB980096859E /* SceneDelegate.swift */ = {isa = PBXFileReference; lastKnownFileType = sourcecode.swift; path = SceneDelegate.swift; sourceTree = "<group>"; };
		6E69129D2C61AB980096859E /* MainTabBarController.swift */ = {isa = PBXFileReference; lastKnownFileType = sourcecode.swift; path = MainTabBarController.swift; sourceTree = "<group>"; };
		6E6912A22C61AB9A0096859E /* Assets.xcassets */ = {isa = PBXFileReference; lastKnownFileType = folder.assetcatalog; path = Assets.xcassets; sourceTree = "<group>"; };
		6E6912A52C61AB9A0096859E /* Base */ = {isa = PBXFileReference; lastKnownFileType = file.storyboard; name = Base; path = Base.lproj/LaunchScreen.storyboard; sourceTree = "<group>"; };
		6E6912A72C61AB9A0096859E /* Info.plist */ = {isa = PBXFileReference; lastKnownFileType = text.plist.xml; path = Info.plist; sourceTree = "<group>"; };
		6E6912B42C61B16D0096859E /* ExploreViewController.swift */ = {isa = PBXFileReference; lastKnownFileType = sourcecode.swift; path = ExploreViewController.swift; sourceTree = "<group>"; };
		6E6912B62C61B1FA0096859E /* ExploreScreen.swift */ = {isa = PBXFileReference; lastKnownFileType = sourcecode.swift; path = ExploreScreen.swift; sourceTree = "<group>"; };
		6E6912B92C61B2E60096859E /* FavoriteViewController.swift */ = {isa = PBXFileReference; lastKnownFileType = sourcecode.swift; path = FavoriteViewController.swift; sourceTree = "<group>"; };
		6E6912BB2C61B3520096859E /* FavoriteScreen.swift */ = {isa = PBXFileReference; lastKnownFileType = sourcecode.swift; path = FavoriteScreen.swift; sourceTree = "<group>"; };
		6E6912BE2C61B3A40096859E /* TravelViewController.swift */ = {isa = PBXFileReference; lastKnownFileType = sourcecode.swift; path = TravelViewController.swift; sourceTree = "<group>"; };
		6E6912C02C61B3C30096859E /* TravelScreen.swift */ = {isa = PBXFileReference; lastKnownFileType = sourcecode.swift; path = TravelScreen.swift; sourceTree = "<group>"; };
		6E6912C32C61B4170096859E /* MessageViewController.swift */ = {isa = PBXFileReference; lastKnownFileType = sourcecode.swift; path = MessageViewController.swift; sourceTree = "<group>"; };
		6E6912C52C61B43A0096859E /* MessageScreen.swift */ = {isa = PBXFileReference; lastKnownFileType = sourcecode.swift; path = MessageScreen.swift; sourceTree = "<group>"; };
		6E6912C82C61B48B0096859E /* ProfileViewController.swift */ = {isa = PBXFileReference; lastKnownFileType = sourcecode.swift; path = ProfileViewController.swift; sourceTree = "<group>"; };
		6E6912CA2C61B4AA0096859E /* ProfileScreen.swift */ = {isa = PBXFileReference; lastKnownFileType = sourcecode.swift; path = ProfileScreen.swift; sourceTree = "<group>"; };
/* End PBXFileReference section */

/* Begin PBXFrameworksBuildPhase section */
		6E6912932C61AB980096859E /* Frameworks */ = {
			isa = PBXFrameworksBuildPhase;
			buildActionMask = 2147483647;
			files = (
			);
			runOnlyForDeploymentPostprocessing = 0;
		};
/* End PBXFrameworksBuildPhase section */

/* Begin PBXGroup section */
		6E69128D2C61AB980096859E = {
			isa = PBXGroup;
			children = (
				6E6912982C61AB980096859E /* AirbnbClone */,
				6E6912972C61AB980096859E /* Products */,
			);
			sourceTree = "<group>";
		};
		6E6912972C61AB980096859E /* Products */ = {
			isa = PBXGroup;
			children = (
				6E6912962C61AB980096859E /* AirbnbClone.app */,
			);
			name = Products;
			sourceTree = "<group>";
		};
		6E6912982C61AB980096859E /* AirbnbClone */ = {
			isa = PBXGroup;
			children = (
				6E6912B22C61B00A0096859E /* MainTabBarController */,
				6E6912B12C61AFEE0096859E /* ProfileTab */,
				6E6912B02C61AFD00096859E /* MessageTab */,
				6E6912AF2C61AFB70096859E /* TravelTab */,
				6E6912AE2C61AFAB0096859E /* FavoriteTab */,
				6E6912AD2C61AF720096859E /* ExploreTab */,
				6E6912992C61AB980096859E /* AppDelegate.swift */,
				6E69129B2C61AB980096859E /* SceneDelegate.swift */,
				6E6912A22C61AB9A0096859E /* Assets.xcassets */,
				6E6912A42C61AB9A0096859E /* LaunchScreen.storyboard */,
				6E6912A72C61AB9A0096859E /* Info.plist */,
			);
			path = AirbnbClone;
			sourceTree = "<group>";
		};
		6E6912AD2C61AF720096859E /* ExploreTab */ = {
			isa = PBXGroup;
			children = (
				6E6912B32C61B1520096859E /* Screen */,
				6E6912B42C61B16D0096859E /* ExploreViewController.swift */,
			);
			path = ExploreTab;
			sourceTree = "<group>";
		};
		6E6912AE2C61AFAB0096859E /* FavoriteTab */ = {
			isa = PBXGroup;
			children = (
				6E6912B82C61B2BD0096859E /* Screen */,
				6E6912B92C61B2E60096859E /* FavoriteViewController.swift */,
			);
			path = FavoriteTab;
			sourceTree = "<group>";
		};
		6E6912AF2C61AFB70096859E /* TravelTab */ = {
			isa = PBXGroup;
			children = (
				6E6912BD2C61B3920096859E /* Screen */,
				6E6912BE2C61B3A40096859E /* TravelViewController.swift */,
			);
			path = TravelTab;
			sourceTree = "<group>";
		};
		6E6912B02C61AFD00096859E /* MessageTab */ = {
			isa = PBXGroup;
			children = (
				6E6912C22C61B4090096859E /* Screen */,
				6E6912C32C61B4170096859E /* MessageViewController.swift */,
			);
			path = MessageTab;
			sourceTree = "<group>";
		};
		6E6912B12C61AFEE0096859E /* ProfileTab */ = {
			isa = PBXGroup;
			children = (
				6E6912C72C61B47F0096859E /* Screen */,
				6E6912C82C61B48B0096859E /* ProfileViewController.swift */,
			);
			path = ProfileTab;
			sourceTree = "<group>";
		};
		6E6912B22C61B00A0096859E /* MainTabBarController */ = {
			isa = PBXGroup;
			children = (
				6E69129D2C61AB980096859E /* MainTabBarController.swift */,
			);
			path = MainTabBarController;
			sourceTree = "<group>";
		};
		6E6912B32C61B1520096859E /* Screen */ = {
			isa = PBXGroup;
			children = (
				6E6912B62C61B1FA0096859E /* ExploreScreen.swift */,
			);
			path = Screen;
			sourceTree = "<group>";
		};
		6E6912B82C61B2BD0096859E /* Screen */ = {
			isa = PBXGroup;
			children = (
				6E6912BB2C61B3520096859E /* FavoriteScreen.swift */,
			);
			path = Screen;
			sourceTree = "<group>";
		};
		6E6912BD2C61B3920096859E /* Screen */ = {
			isa = PBXGroup;
			children = (
				6E6912C02C61B3C30096859E /* TravelScreen.swift */,
			);
			path = Screen;
			sourceTree = "<group>";
		};
		6E6912C22C61B4090096859E /* Screen */ = {
			isa = PBXGroup;
			children = (
				6E6912C52C61B43A0096859E /* MessageScreen.swift */,
			);
			path = Screen;
			sourceTree = "<group>";
		};
		6E6912C72C61B47F0096859E /* Screen */ = {
			isa = PBXGroup;
			children = (
				6E6912CA2C61B4AA0096859E /* ProfileScreen.swift */,
			);
			path = Screen;
			sourceTree = "<group>";
		};
/* End PBXGroup section */

/* Begin PBXNativeTarget section */
		6E6912952C61AB980096859E /* AirbnbClone */ = {
			isa = PBXNativeTarget;
			buildConfigurationList = 6E6912AA2C61AB9A0096859E /* Build configuration list for PBXNativeTarget "AirbnbClone" */;
			buildPhases = (
				6E6912922C61AB980096859E /* Sources */,
				6E6912932C61AB980096859E /* Frameworks */,
				6E6912942C61AB980096859E /* Resources */,
			);
			buildRules = (
			);
			dependencies = (
			);
			name = AirbnbClone;
			productName = AirbnbClone;
			productReference = 6E6912962C61AB980096859E /* AirbnbClone.app */;
			productType = "com.apple.product-type.application";
		};
/* End PBXNativeTarget section */

/* Begin PBXProject section */
		6E69128E2C61AB980096859E /* Project object */ = {
			isa = PBXProject;
			attributes = {
				BuildIndependentTargetsInParallel = 1;
				LastSwiftUpdateCheck = 1540;
				LastUpgradeCheck = 1540;
				TargetAttributes = {
					6E6912952C61AB980096859E = {
						CreatedOnToolsVersion = 15.4;
					};
				};
			};
			buildConfigurationList = 6E6912912C61AB980096859E /* Build configuration list for PBXProject "AirbnbClone" */;
			compatibilityVersion = "Xcode 14.0";
			developmentRegion = en;
			hasScannedForEncodings = 0;
			knownRegions = (
				en,
				Base,
			);
			mainGroup = 6E69128D2C61AB980096859E;
			productRefGroup = 6E6912972C61AB980096859E /* Products */;
			projectDirPath = "";
			projectRoot = "";
			targets = (
				6E6912952C61AB980096859E /* AirbnbClone */,
			);
		};
/* End PBXProject section */

/* Begin PBXResourcesBuildPhase section */
		6E6912942C61AB980096859E /* Resources */ = {
			isa = PBXResourcesBuildPhase;
			buildActionMask = 2147483647;
			files = (
				6E6912A32C61AB9A0096859E /* Assets.xcassets in Resources */,
				6E6912A62C61AB9A0096859E /* Base in Resources */,
			);
			runOnlyForDeploymentPostprocessing = 0;
		};
/* End PBXResourcesBuildPhase section */

/* Begin PBXSourcesBuildPhase section */
		6E6912922C61AB980096859E /* Sources */ = {
			isa = PBXSourcesBuildPhase;
			buildActionMask = 2147483647;
			files = (
				6E6912B72C61B1FA0096859E /* ExploreScreen.swift in Sources */,
				6E6912C12C61B3C30096859E /* TravelScreen.swift in Sources */,
				6E6912B52C61B16D0096859E /* ExploreViewController.swift in Sources */,
				6E6912BF2C61B3A40096859E /* TravelViewController.swift in Sources */,
				6E6912CB2C61B4AA0096859E /* ProfileScreen.swift in Sources */,
				6E6912C42C61B4170096859E /* MessageViewController.swift in Sources */,
				6E69129E2C61AB980096859E /* MainTabBarController.swift in Sources */,
				6E6912C92C61B48B0096859E /* ProfileViewController.swift in Sources */,
				6E69129A2C61AB980096859E /* AppDelegate.swift in Sources */,
				6E6912C62C61B43A0096859E /* MessageScreen.swift in Sources */,
				6E6912BC2C61B3520096859E /* FavoriteScreen.swift in Sources */,
				6E6912BA2C61B2E60096859E /* FavoriteViewController.swift in Sources */,
				6E69129C2C61AB980096859E /* SceneDelegate.swift in Sources */,
			);
			runOnlyForDeploymentPostprocessing = 0;
		};
/* End PBXSourcesBuildPhase section */

/* Begin PBXVariantGroup section */
		6E6912A42C61AB9A0096859E /* LaunchScreen.storyboard */ = {
			isa = PBXVariantGroup;
			children = (
				6E6912A52C61AB9A0096859E /* Base */,
			);
			name = LaunchScreen.storyboard;
			sourceTree = "<group>";
		};
/* End PBXVariantGroup section */

/* Begin XCBuildConfiguration section */
		6E6912A82C61AB9A0096859E /* Debug */ = {
			isa = XCBuildConfiguration;
			buildSettings = {
				ALWAYS_SEARCH_USER_PATHS = NO;
				ASSETCATALOG_COMPILER_GENERATE_SWIFT_ASSET_SYMBOL_EXTENSIONS = YES;
				CLANG_ANALYZER_NONNULL = YES;
				CLANG_ANALYZER_NUMBER_OBJECT_CONVERSION = YES_AGGRESSIVE;
				CLANG_CXX_LANGUAGE_STANDARD = "gnu++20";
				CLANG_ENABLE_MODULES = YES;
				CLANG_ENABLE_OBJC_ARC = YES;
				CLANG_ENABLE_OBJC_WEAK = YES;
				CLANG_WARN_BLOCK_CAPTURE_AUTORELEASING = YES;
				CLANG_WARN_BOOL_CONVERSION = YES;
				CLANG_WARN_COMMA = YES;
				CLANG_WARN_CONSTANT_CONVERSION = YES;
				CLANG_WARN_DEPRECATED_OBJC_IMPLEMENTATIONS = YES;
				CLANG_WARN_DIRECT_OBJC_ISA_USAGE = YES_ERROR;
				CLANG_WARN_DOCUMENTATION_COMMENTS = YES;
				CLANG_WARN_EMPTY_BODY = YES;
				CLANG_WARN_ENUM_CONVERSION = YES;
				CLANG_WARN_INFINITE_RECURSION = YES;
				CLANG_WARN_INT_CONVERSION = YES;
				CLANG_WARN_NON_LITERAL_NULL_CONVERSION = YES;
				CLANG_WARN_OBJC_IMPLICIT_RETAIN_SELF = YES;
				CLANG_WARN_OBJC_LITERAL_CONVERSION = YES;
				CLANG_WARN_OBJC_ROOT_CLASS = YES_ERROR;
				CLANG_WARN_QUOTED_INCLUDE_IN_FRAMEWORK_HEADER = YES;
				CLANG_WARN_RANGE_LOOP_ANALYSIS = YES;
				CLANG_WARN_STRICT_PROTOTYPES = YES;
				CLANG_WARN_SUSPICIOUS_MOVE = YES;
				CLANG_WARN_UNGUARDED_AVAILABILITY = YES_AGGRESSIVE;
				CLANG_WARN_UNREACHABLE_CODE = YES;
				CLANG_WARN__DUPLICATE_METHOD_MATCH = YES;
				COPY_PHASE_STRIP = NO;
				DEBUG_INFORMATION_FORMAT = dwarf;
				ENABLE_STRICT_OBJC_MSGSEND = YES;
				ENABLE_TESTABILITY = YES;
				ENABLE_USER_SCRIPT_SANDBOXING = YES;
				GCC_C_LANGUAGE_STANDARD = gnu17;
				GCC_DYNAMIC_NO_PIC = NO;
				GCC_NO_COMMON_BLOCKS = YES;
				GCC_OPTIMIZATION_LEVEL = 0;
				GCC_PREPROCESSOR_DEFINITIONS = (
					"DEBUG=1",
					"$(inherited)",
				);
				GCC_WARN_64_TO_32_BIT_CONVERSION = YES;
				GCC_WARN_ABOUT_RETURN_TYPE = YES_ERROR;
				GCC_WARN_UNDECLARED_SELECTOR = YES;
				GCC_WARN_UNINITIALIZED_AUTOS = YES_AGGRESSIVE;
				GCC_WARN_UNUSED_FUNCTION = YES;
				GCC_WARN_UNUSED_VARIABLE = YES;
				IPHONEOS_DEPLOYMENT_TARGET = 17.5;
				LOCALIZATION_PREFERS_STRING_CATALOGS = YES;
				MTL_ENABLE_DEBUG_INFO = INCLUDE_SOURCE;
				MTL_FAST_MATH = YES;
				ONLY_ACTIVE_ARCH = YES;
				SDKROOT = iphoneos;
				SWIFT_ACTIVE_COMPILATION_CONDITIONS = "DEBUG $(inherited)";
				SWIFT_OPTIMIZATION_LEVEL = "-Onone";
			};
			name = Debug;
		};
		6E6912A92C61AB9A0096859E /* Release */ = {
			isa = XCBuildConfiguration;
			buildSettings = {
				ALWAYS_SEARCH_USER_PATHS = NO;
				ASSETCATALOG_COMPILER_GENERATE_SWIFT_ASSET_SYMBOL_EXTENSIONS = YES;
				CLANG_ANALYZER_NONNULL = YES;
				CLANG_ANALYZER_NUMBER_OBJECT_CONVERSION = YES_AGGRESSIVE;
				CLANG_CXX_LANGUAGE_STANDARD = "gnu++20";
				CLANG_ENABLE_MODULES = YES;
				CLANG_ENABLE_OBJC_ARC = YES;
				CLANG_ENABLE_OBJC_WEAK = YES;
				CLANG_WARN_BLOCK_CAPTURE_AUTORELEASING = YES;
				CLANG_WARN_BOOL_CONVERSION = YES;
				CLANG_WARN_COMMA = YES;
				CLANG_WARN_CONSTANT_CONVERSION = YES;
				CLANG_WARN_DEPRECATED_OBJC_IMPLEMENTATIONS = YES;
				CLANG_WARN_DIRECT_OBJC_ISA_USAGE = YES_ERROR;
				CLANG_WARN_DOCUMENTATION_COMMENTS = YES;
				CLANG_WARN_EMPTY_BODY = YES;
				CLANG_WARN_ENUM_CONVERSION = YES;
				CLANG_WARN_INFINITE_RECURSION = YES;
				CLANG_WARN_INT_CONVERSION = YES;
				CLANG_WARN_NON_LITERAL_NULL_CONVERSION = YES;
				CLANG_WARN_OBJC_IMPLICIT_RETAIN_SELF = YES;
				CLANG_WARN_OBJC_LITERAL_CONVERSION = YES;
				CLANG_WARN_OBJC_ROOT_CLASS = YES_ERROR;
				CLANG_WARN_QUOTED_INCLUDE_IN_FRAMEWORK_HEADER = YES;
				CLANG_WARN_RANGE_LOOP_ANALYSIS = YES;
				CLANG_WARN_STRICT_PROTOTYPES = YES;
				CLANG_WARN_SUSPICIOUS_MOVE = YES;
				CLANG_WARN_UNGUARDED_AVAILABILITY = YES_AGGRESSIVE;
				CLANG_WARN_UNREACHABLE_CODE = YES;
				CLANG_WARN__DUPLICATE_METHOD_MATCH = YES;
				COPY_PHASE_STRIP = NO;
				DEBUG_INFORMATION_FORMAT = "dwarf-with-dsym";
				ENABLE_NS_ASSERTIONS = NO;
				ENABLE_STRICT_OBJC_MSGSEND = YES;
				ENABLE_USER_SCRIPT_SANDBOXING = YES;
				GCC_C_LANGUAGE_STANDARD = gnu17;
				GCC_NO_COMMON_BLOCKS = YES;
				GCC_WARN_64_TO_32_BIT_CONVERSION = YES;
				GCC_WARN_ABOUT_RETURN_TYPE = YES_ERROR;
				GCC_WARN_UNDECLARED_SELECTOR = YES;
				GCC_WARN_UNINITIALIZED_AUTOS = YES_AGGRESSIVE;
				GCC_WARN_UNUSED_FUNCTION = YES;
				GCC_WARN_UNUSED_VARIABLE = YES;
				IPHONEOS_DEPLOYMENT_TARGET = 17.5;
				LOCALIZATION_PREFERS_STRING_CATALOGS = YES;
				MTL_ENABLE_DEBUG_INFO = NO;
				MTL_FAST_MATH = YES;
				SDKROOT = iphoneos;
				SWIFT_COMPILATION_MODE = wholemodule;
				VALIDATE_PRODUCT = YES;
			};
			name = Release;
		};
		6E6912AB2C61AB9A0096859E /* Debug */ = {
			isa = XCBuildConfiguration;
			buildSettings = {
				ASSETCATALOG_COMPILER_APPICON_NAME = AppIcon;
				ASSETCATALOG_COMPILER_GLOBAL_ACCENT_COLOR_NAME = AccentColor;
				CODE_SIGN_STYLE = Automatic;
				CURRENT_PROJECT_VERSION = 1;
				GENERATE_INFOPLIST_FILE = YES;
				INFOPLIST_FILE = AirbnbClone/Info.plist;
				INFOPLIST_KEY_UIApplicationSupportsIndirectInputEvents = YES;
				INFOPLIST_KEY_UILaunchStoryboardName = LaunchScreen;
				INFOPLIST_KEY_UIMainStoryboardFile = "";
				INFOPLIST_KEY_UISupportedInterfaceOrientations_iPad = "UIInterfaceOrientationPortrait UIInterfaceOrientationPortraitUpsideDown UIInterfaceOrientationLandscapeLeft UIInterfaceOrientationLandscapeRight";
				INFOPLIST_KEY_UISupportedInterfaceOrientations_iPhone = "UIInterfaceOrientationPortrait UIInterfaceOrientationLandscapeLeft UIInterfaceOrientationLandscapeRight";
				IPHONEOS_DEPLOYMENT_TARGET = 16.1;
				LD_RUNPATH_SEARCH_PATHS = (
					"$(inherited)",
					"@executable_path/Frameworks",
				);
				MARKETING_VERSION = 1.0;
				PRODUCT_BUNDLE_IDENTIFIER = br.com.badbit.AirbnbClone;
				PRODUCT_NAME = "$(TARGET_NAME)";
				SUPPORTED_PLATFORMS = "iphoneos iphonesimulator";
				SUPPORTS_MACCATALYST = NO;
				SUPPORTS_MAC_DESIGNED_FOR_IPHONE_IPAD = NO;
				SUPPORTS_XR_DESIGNED_FOR_IPHONE_IPAD = NO;
				SWIFT_EMIT_LOC_STRINGS = YES;
				SWIFT_VERSION = 5.0;
				TARGETED_DEVICE_FAMILY = "1,2";
			};
			name = Debug;
		};
		6E6912AC2C61AB9A0096859E /* Release */ = {
			isa = XCBuildConfiguration;
			buildSettings = {
				ASSETCATALOG_COMPILER_APPICON_NAME = AppIcon;
				ASSETCATALOG_COMPILER_GLOBAL_ACCENT_COLOR_NAME = AccentColor;
				CODE_SIGN_STYLE = Automatic;
				CURRENT_PROJECT_VERSION = 1;
				GENERATE_INFOPLIST_FILE = YES;
				INFOPLIST_FILE = AirbnbClone/Info.plist;
				INFOPLIST_KEY_UIApplicationSupportsIndirectInputEvents = YES;
				INFOPLIST_KEY_UILaunchStoryboardName = LaunchScreen;
				INFOPLIST_KEY_UIMainStoryboardFile = "";
				INFOPLIST_KEY_UISupportedInterfaceOrientations_iPad = "UIInterfaceOrientationPortrait UIInterfaceOrientationPortraitUpsideDown UIInterfaceOrientationLandscapeLeft UIInterfaceOrientationLandscapeRight";
				INFOPLIST_KEY_UISupportedInterfaceOrientations_iPhone = "UIInterfaceOrientationPortrait UIInterfaceOrientationLandscapeLeft UIInterfaceOrientationLandscapeRight";
				IPHONEOS_DEPLOYMENT_TARGET = 16.1;
				LD_RUNPATH_SEARCH_PATHS = (
					"$(inherited)",
					"@executable_path/Frameworks",
				);
				MARKETING_VERSION = 1.0;
				PRODUCT_BUNDLE_IDENTIFIER = br.com.badbit.AirbnbClone;
				PRODUCT_NAME = "$(TARGET_NAME)";
				SUPPORTED_PLATFORMS = "iphoneos iphonesimulator";
				SUPPORTS_MACCATALYST = NO;
				SUPPORTS_MAC_DESIGNED_FOR_IPHONE_IPAD = NO;
				SUPPORTS_XR_DESIGNED_FOR_IPHONE_IPAD = NO;
				SWIFT_EMIT_LOC_STRINGS = YES;
				SWIFT_VERSION = 5.0;
				TARGETED_DEVICE_FAMILY = "1,2";
			};
			name = Release;
		};
/* End XCBuildConfiguration section */

/* Begin XCConfigurationList section */
		6E6912912C61AB980096859E /* Build configuration list for PBXProject "AirbnbClone" */ = {
			isa = XCConfigurationList;
			buildConfigurations = (
				6E6912A82C61AB9A0096859E /* Debug */,
				6E6912A92C61AB9A0096859E /* Release */,
			);
			defaultConfigurationIsVisible = 0;
			defaultConfigurationName = Release;
		};
		6E6912AA2C61AB9A0096859E /* Build configuration list for PBXNativeTarget "AirbnbClone" */ = {
			isa = XCConfigurationList;
			buildConfigurations = (
				6E6912AB2C61AB9A0096859E /* Debug */,
				6E6912AC2C61AB9A0096859E /* Release */,
			);
			defaultConfigurationIsVisible = 0;
			defaultConfigurationName = Release;
		};
/* End XCConfigurationList section */
	};
	rootObject = 6E69128E2C61AB980096859E /* Project object */;
}
